// !$*UTF8*$!
{
	archiveVersion = 1;
	classes = {
	};
	objectVersion = 56;
	objects = {

/* Begin PBXBuildFile section */
		622AB1F129CC0FA700BF478F /* AppDelegate.swift in Sources */ = {isa = PBXBuildFile; fileRef = 622AB1F029CC0FA700BF478F /* AppDelegate.swift */; };
		622AB1F329CC0FA700BF478F /* SceneDelegate.swift in Sources */ = {isa = PBXBuildFile; fileRef = 622AB1F229CC0FA700BF478F /* SceneDelegate.swift */; };
		622AB1F529CC0FA700BF478F /* ViewController.swift in Sources */ = {isa = PBXBuildFile; fileRef = 622AB1F429CC0FA700BF478F /* ViewController.swift */; };
		622AB1F829CC0FA700BF478F /* Main.storyboard in Resources */ = {isa = PBXBuildFile; fileRef = 622AB1F629CC0FA700BF478F /* Main.storyboard */; };
		622AB1FA29CC0FA900BF478F /* Assets.xcassets in Resources */ = {isa = PBXBuildFile; fileRef = 622AB1F929CC0FA900BF478F /* Assets.xcassets */; };
		622AB1FD29CC0FA900BF478F /* LaunchScreen.storyboard in Resources */ = {isa = PBXBuildFile; fileRef = 622AB1FB29CC0FA900BF478F /* LaunchScreen.storyboard */; };
		B26ADE6B0F2309502149D5C3 /* Pods_reproduce_issue_ios_native_addtoapp_optionA.framework in Frameworks */ = {isa = PBXBuildFile; fileRef = E5EEEB99C4C7C7E78823E04B /* Pods_reproduce_issue_ios_native_addtoapp_optionA.framework */; };
/* End PBXBuildFile section */

/* Begin PBXFileReference section */
		2D641770458B9F65D695439D /* Pods-reproduce_issue_ios_native_addtoapp_optionA.release.xcconfig */ = {isa = PBXFileReference; includeInIndex = 1; lastKnownFileType = text.xcconfig; name = "Pods-reproduce_issue_ios_native_addtoapp_optionA.release.xcconfig"; path = "Target Support Files/Pods-reproduce_issue_ios_native_addtoapp_optionA/Pods-reproduce_issue_ios_native_addtoapp_optionA.release.xcconfig"; sourceTree = "<group>"; };
		622AB1ED29CC0FA700BF478F /* reproduce_issue_ios_native_addtoapp_optionA.app */ = {isa = PBXFileReference; explicitFileType = wrapper.application; includeInIndex = 0; path = reproduce_issue_ios_native_addtoapp_optionA.app; sourceTree = BUILT_PRODUCTS_DIR; };
		622AB1F029CC0FA700BF478F /* AppDelegate.swift */ = {isa = PBXFileReference; lastKnownFileType = sourcecode.swift; path = AppDelegate.swift; sourceTree = "<group>"; };
		622AB1F229CC0FA700BF478F /* SceneDelegate.swift */ = {isa = PBXFileReference; lastKnownFileType = sourcecode.swift; path = SceneDelegate.swift; sourceTree = "<group>"; };
		622AB1F429CC0FA700BF478F /* ViewController.swift */ = {isa = PBXFileReference; lastKnownFileType = sourcecode.swift; path = ViewController.swift; sourceTree = "<group>"; };
		622AB1F729CC0FA700BF478F /* Base */ = {isa = PBXFileReference; lastKnownFileType = file.storyboard; name = Base; path = Base.lproj/Main.storyboard; sourceTree = "<group>"; };
		622AB1F929CC0FA900BF478F /* Assets.xcassets */ = {isa = PBXFileReference; lastKnownFileType = folder.assetcatalog; path = Assets.xcassets; sourceTree = "<group>"; };
		622AB1FC29CC0FA900BF478F /* Base */ = {isa = PBXFileReference; lastKnownFileType = file.storyboard; name = Base; path = Base.lproj/LaunchScreen.storyboard; sourceTree = "<group>"; };
		622AB1FE29CC0FA900BF478F /* Info.plist */ = {isa = PBXFileReference; lastKnownFileType = text.plist.xml; path = Info.plist; sourceTree = "<group>"; };
		D27F7CDB89E9C2273B7527F8 /* Pods-reproduce_issue_ios_native_addtoapp_optionA.debug.xcconfig */ = {isa = PBXFileReference; includeInIndex = 1; lastKnownFileType = text.xcconfig; name = "Pods-reproduce_issue_ios_native_addtoapp_optionA.debug.xcconfig"; path = "Target Support Files/Pods-reproduce_issue_ios_native_addtoapp_optionA/Pods-reproduce_issue_ios_native_addtoapp_optionA.debug.xcconfig"; sourceTree = "<group>"; };
		E5EEEB99C4C7C7E78823E04B /* Pods_reproduce_issue_ios_native_addtoapp_optionA.framework */ = {isa = PBXFileReference; explicitFileType = wrapper.framework; includeInIndex = 0; path = Pods_reproduce_issue_ios_native_addtoapp_optionA.framework; sourceTree = BUILT_PRODUCTS_DIR; };
/* End PBXFileReference section */

/* Begin PBXFrameworksBuildPhase section */
		622AB1EA29CC0FA700BF478F /* Frameworks */ = {
			isa = PBXFrameworksBuildPhase;
			buildActionMask = 2147483647;
			files = (
				B26ADE6B0F2309502149D5C3 /* Pods_reproduce_issue_ios_native_addtoapp_optionA.framework in Frameworks */,
			);
			runOnlyForDeploymentPostprocessing = 0;
		};
/* End PBXFrameworksBuildPhase section */

/* Begin PBXGroup section */
		42308902F5D24C63A6FF0947 /* Frameworks */ = {
			isa = PBXGroup;
			children = (
				E5EEEB99C4C7C7E78823E04B /* Pods_reproduce_issue_ios_native_addtoapp_optionA.framework */,
			);
			name = Frameworks;
			sourceTree = "<group>";
		};
		622AB1E429CC0FA700BF478F = {
			isa = PBXGroup;
			children = (
				622AB1EF29CC0FA700BF478F /* reproduce_issue_ios_native_addtoapp_optionA */,
				622AB1EE29CC0FA700BF478F /* Products */,
				840F89FD9E2BD02E072159C2 /* Pods */,
				42308902F5D24C63A6FF0947 /* Frameworks */,
			);
			sourceTree = "<group>";
		};
		622AB1EE29CC0FA700BF478F /* Products */ = {
			isa = PBXGroup;
			children = (
				622AB1ED29CC0FA700BF478F /* reproduce_issue_ios_native_addtoapp_optionA.app */,
			);
			name = Products;
			sourceTree = "<group>";
		};
		622AB1EF29CC0FA700BF478F /* reproduce_issue_ios_native_addtoapp_optionA */ = {
			isa = PBXGroup;
			children = (
				622AB1F029CC0FA700BF478F /* AppDelegate.swift */,
				622AB1F229CC0FA700BF478F /* SceneDelegate.swift */,
				622AB1F429CC0FA700BF478F /* ViewController.swift */,
				622AB1F629CC0FA700BF478F /* Main.storyboard */,
				622AB1F929CC0FA900BF478F /* Assets.xcassets */,
				622AB1FB29CC0FA900BF478F /* LaunchScreen.storyboard */,
				622AB1FE29CC0FA900BF478F /* Info.plist */,
			);
			path = reproduce_issue_ios_native_addtoapp_optionA;
			sourceTree = "<group>";
		};
		840F89FD9E2BD02E072159C2 /* Pods */ = {
			isa = PBXGroup;
			children = (
				D27F7CDB89E9C2273B7527F8 /* Pods-reproduce_issue_ios_native_addtoapp_optionA.debug.xcconfig */,
				2D641770458B9F65D695439D /* Pods-reproduce_issue_ios_native_addtoapp_optionA.release.xcconfig */,
			);
			path = Pods;
			sourceTree = "<group>";
		};
/* End PBXGroup section */

/* Begin PBXNativeTarget section */
		622AB1EC29CC0FA700BF478F /* reproduce_issue_ios_native_addtoapp_optionA */ = {
			isa = PBXNativeTarget;
			buildConfigurationList = 622AB20129CC0FA900BF478F /* Build configuration list for PBXNativeTarget "reproduce_issue_ios_native_addtoapp_optionA" */;
			buildPhases = (
				5707CFC9C8F81B89AF1331E6 /* [CP] Check Pods Manifest.lock */,
				FB09E1855E565A68602E13ED /* [CP-User] Run Flutter Build my_flutter Script */,
				622AB1E929CC0FA700BF478F /* Sources */,
				622AB1EA29CC0FA700BF478F /* Frameworks */,
				622AB1EB29CC0FA700BF478F /* Resources */,
				202799608C85517177DE7EB6 /* [CP-User] Embed Flutter Build my_flutter Script */,
			);
			buildRules = (
			);
			dependencies = (
			);
			name = reproduce_issue_ios_native_addtoapp_optionA;
			productName = reproduce_issue_ios_native_addtoapp_optionA;
			productReference = 622AB1ED29CC0FA700BF478F /* reproduce_issue_ios_native_addtoapp_optionA.app */;
			productType = "com.apple.product-type.application";
		};
/* End PBXNativeTarget section */

/* Begin PBXProject section */
		622AB1E529CC0FA700BF478F /* Project object */ = {
			isa = PBXProject;
			attributes = {
				BuildIndependentTargetsInParallel = 1;
				LastSwiftUpdateCheck = 1410;
				LastUpgradeCheck = 1410;
				TargetAttributes = {
					622AB1EC29CC0FA700BF478F = {
						CreatedOnToolsVersion = 14.1;
					};
				};
			};
			buildConfigurationList = 622AB1E829CC0FA700BF478F /* Build configuration list for PBXProject "reproduce_issue_ios_native_addtoapp_optionA" */;
			compatibilityVersion = "Xcode 14.0";
			developmentRegion = en;
			hasScannedForEncodings = 0;
			knownRegions = (
				en,
				Base,
			);
			mainGroup = 622AB1E429CC0FA700BF478F;
			productRefGroup = 622AB1EE29CC0FA700BF478F /* Products */;
			projectDirPath = "";
			projectRoot = "";
			targets = (
				622AB1EC29CC0FA700BF478F /* reproduce_issue_ios_native_addtoapp_optionA */,
			);
		};
/* End PBXProject section */

/* Begin PBXResourcesBuildPhase section */
		622AB1EB29CC0FA700BF478F /* Resources */ = {
			isa = PBXResourcesBuildPhase;
			buildActionMask = 2147483647;
			files = (
				622AB1FD29CC0FA900BF478F /* LaunchScreen.storyboard in Resources */,
				622AB1FA29CC0FA900BF478F /* Assets.xcassets in Resources */,
				622AB1F829CC0FA700BF478F /* Main.storyboard in Resources */,
			);
			runOnlyForDeploymentPostprocessing = 0;
		};
/* End PBXResourcesBuildPhase section */

/* Begin PBXShellScriptBuildPhase section */
		202799608C85517177DE7EB6 /* [CP-User] Embed Flutter Build my_flutter Script */ = {
			isa = PBXShellScriptBuildPhase;
			buildActionMask = 2147483647;
			files = (
			);
			name = "[CP-User] Embed Flutter Build my_flutter Script";
			runOnlyForDeploymentPostprocessing = 0;
			shellPath = /bin/sh;
			shellScript = "set -e\nset -u\nsource \"${SRCROOT}/../my_flutter/.ios/Flutter/flutter_export_environment.sh\"\nexport VERBOSE_SCRIPT_LOGGING=1 && \"$FLUTTER_ROOT\"/packages/flutter_tools/bin/xcode_backend.sh embed_and_thin";
		};
		5707CFC9C8F81B89AF1331E6 /* [CP] Check Pods Manifest.lock */ = {
			isa = PBXShellScriptBuildPhase;
			buildActionMask = 2147483647;
			files = (
			);
			inputFileListPaths = (
			);
			inputPaths = (
				"${PODS_PODFILE_DIR_PATH}/Podfile.lock",
				"${PODS_ROOT}/Manifest.lock",
			);
			name = "[CP] Check Pods Manifest.lock";
			outputFileListPaths = (
			);
			outputPaths = (
				"$(DERIVED_FILE_DIR)/Pods-reproduce_issue_ios_native_addtoapp_optionA-checkManifestLockResult.txt",
			);
			runOnlyForDeploymentPostprocessing = 0;
			shellPath = /bin/sh;
			shellScript = "diff \"${PODS_PODFILE_DIR_PATH}/Podfile.lock\" \"${PODS_ROOT}/Manifest.lock\" > /dev/null\nif [ $? != 0 ] ; then\n    # print error to STDERR\n    echo \"error: The sandbox is not in sync with the Podfile.lock. Run 'pod install' or update your CocoaPods installation.\" >&2\n    exit 1\nfi\n# This output is used by Xcode 'outputs' to avoid re-running this script phase.\necho \"SUCCESS\" > \"${SCRIPT_OUTPUT_FILE_0}\"\n";
			showEnvVarsInLog = 0;
		};
		FB09E1855E565A68602E13ED /* [CP-User] Run Flutter Build my_flutter Script */ = {
			isa = PBXShellScriptBuildPhase;
			buildActionMask = 2147483647;
			files = (
			);
			name = "[CP-User] Run Flutter Build my_flutter Script";
			runOnlyForDeploymentPostprocessing = 0;
			shellPath = /bin/sh;
			shellScript = "set -e\nset -u\nsource \"${SRCROOT}/../my_flutter/.ios/Flutter/flutter_export_environment.sh\"\nexport VERBOSE_SCRIPT_LOGGING=1 && \"$FLUTTER_ROOT\"/packages/flutter_tools/bin/xcode_backend.sh build";
		};
/* End PBXShellScriptBuildPhase section */

/* Begin PBXSourcesBuildPhase section */
		622AB1E929CC0FA700BF478F /* Sources */ = {
			isa = PBXSourcesBuildPhase;
			buildActionMask = 2147483647;
			files = (
				622AB1F529CC0FA700BF478F /* ViewController.swift in Sources */,
				622AB1F129CC0FA700BF478F /* AppDelegate.swift in Sources */,
				622AB1F329CC0FA700BF478F /* SceneDelegate.swift in Sources */,
			);
			runOnlyForDeploymentPostprocessing = 0;
		};
/* End PBXSourcesBuildPhase section */

/* Begin PBXVariantGroup section */
		622AB1F629CC0FA700BF478F /* Main.storyboard */ = {
			isa = PBXVariantGroup;
			children = (
				622AB1F729CC0FA700BF478F /* Base */,
			);
			name = Main.storyboard;
			sourceTree = "<group>";
		};
		622AB1FB29CC0FA900BF478F /* LaunchScreen.storyboard */ = {
			isa = PBXVariantGroup;
			children = (
				622AB1FC29CC0FA900BF478F /* Base */,
			);
			name = LaunchScreen.storyboard;
			sourceTree = "<group>";
		};
/* End PBXVariantGroup section */

/* Begin XCBuildConfiguration section */
		622AB1FF29CC0FA900BF478F /* Debug */ = {
			isa = XCBuildConfiguration;
			buildSettings = {
				ALWAYS_SEARCH_USER_PATHS = NO;
				CLANG_ANALYZER_NONNULL = YES;
				CLANG_ANALYZER_NUMBER_OBJECT_CONVERSION = YES_AGGRESSIVE;
				CLANG_CXX_LANGUAGE_STANDARD = "gnu++20";
				CLANG_ENABLE_MODULES = YES;
				CLANG_ENABLE_OBJC_ARC = YES;
				CLANG_ENABLE_OBJC_WEAK = YES;
				CLANG_WARN_BLOCK_CAPTURE_AUTORELEASING = YES;
				CLANG_WARN_BOOL_CONVERSION = YES;
				CLANG_WARN_COMMA = YES;
				CLANG_WARN_CONSTANT_CONVERSION = YES;
				CLANG_WARN_DEPRECATED_OBJC_IMPLEMENTATIONS = YES;
				CLANG_WARN_DIRECT_OBJC_ISA_USAGE = YES_ERROR;
				CLANG_WARN_DOCUMENTATION_COMMENTS = YES;
				CLANG_WARN_EMPTY_BODY = YES;
				CLANG_WARN_ENUM_CONVERSION = YES;
				CLANG_WARN_INFINITE_RECURSION = YES;
				CLANG_WARN_INT_CONVERSION = YES;
				CLANG_WARN_NON_LITERAL_NULL_CONVERSION = YES;
				CLANG_WARN_OBJC_IMPLICIT_RETAIN_SELF = YES;
				CLANG_WARN_OBJC_LITERAL_CONVERSION = YES;
				CLANG_WARN_OBJC_ROOT_CLASS = YES_ERROR;
				CLANG_WARN_QUOTED_INCLUDE_IN_FRAMEWORK_HEADER = YES;
				CLANG_WARN_RANGE_LOOP_ANALYSIS = YES;
				CLANG_WARN_STRICT_PROTOTYPES = YES;
				CLANG_WARN_SUSPICIOUS_MOVE = YES;
				CLANG_WARN_UNGUARDED_AVAILABILITY = YES_AGGRESSIVE;
				CLANG_WARN_UNREACHABLE_CODE = YES;
				CLANG_WARN__DUPLICATE_METHOD_MATCH = YES;
				COPY_PHASE_STRIP = NO;
				DEBUG_INFORMATION_FORMAT = dwarf;
				ENABLE_STRICT_OBJC_MSGSEND = YES;
				ENABLE_TESTABILITY = YES;
				GCC_C_LANGUAGE_STANDARD = gnu11;
				GCC_DYNAMIC_NO_PIC = NO;
				GCC_NO_COMMON_BLOCKS = YES;
				GCC_OPTIMIZATION_LEVEL = 0;
				GCC_PREPROCESSOR_DEFINITIONS = (
					"DEBUG=1",
					"$(inherited)",
				);
				GCC_WARN_64_TO_32_BIT_CONVERSION = YES;
				GCC_WARN_ABOUT_RETURN_TYPE = YES_ERROR;
				GCC_WARN_UNDECLARED_SELECTOR = YES;
				GCC_WARN_UNINITIALIZED_AUTOS = YES_AGGRESSIVE;
				GCC_WARN_UNUSED_FUNCTION = YES;
				GCC_WARN_UNUSED_VARIABLE = YES;
				IPHONEOS_DEPLOYMENT_TARGET = 16.1;
				MTL_ENABLE_DEBUG_INFO = INCLUDE_SOURCE;
				MTL_FAST_MATH = YES;
				ONLY_ACTIVE_ARCH = YES;
				SDKROOT = iphoneos;
				SWIFT_ACTIVE_COMPILATION_CONDITIONS = DEBUG;
				SWIFT_OPTIMIZATION_LEVEL = "-Onone";
			};
			name = Debug;
		};
		622AB20029CC0FA900BF478F /* Release */ = {
			isa = XCBuildConfiguration;
			buildSettings = {
				ALWAYS_SEARCH_USER_PATHS = NO;
				CLANG_ANALYZER_NONNULL = YES;
				CLANG_ANALYZER_NUMBER_OBJECT_CONVERSION = YES_AGGRESSIVE;
				CLANG_CXX_LANGUAGE_STANDARD = "gnu++20";
				CLANG_ENABLE_MODULES = YES;
				CLANG_ENABLE_OBJC_ARC = YES;
				CLANG_ENABLE_OBJC_WEAK = YES;
				CLANG_WARN_BLOCK_CAPTURE_AUTORELEASING = YES;
				CLANG_WARN_BOOL_CONVERSION = YES;
				CLANG_WARN_COMMA = YES;
				CLANG_WARN_CONSTANT_CONVERSION = YES;
				CLANG_WARN_DEPRECATED_OBJC_IMPLEMENTATIONS = YES;
				CLANG_WARN_DIRECT_OBJC_ISA_USAGE = YES_ERROR;
				CLANG_WARN_DOCUMENTATION_COMMENTS = YES;
				CLANG_WARN_EMPTY_BODY = YES;
				CLANG_WARN_ENUM_CONVERSION = YES;
				CLANG_WARN_INFINITE_RECURSION = YES;
				CLANG_WARN_INT_CONVERSION = YES;
				CLANG_WARN_NON_LITERAL_NULL_CONVERSION = YES;
				CLANG_WARN_OBJC_IMPLICIT_RETAIN_SELF = YES;
				CLANG_WARN_OBJC_LITERAL_CONVERSION = YES;
				CLANG_WARN_OBJC_ROOT_CLASS = YES_ERROR;
				CLANG_WARN_QUOTED_INCLUDE_IN_FRAMEWORK_HEADER = YES;
				CLANG_WARN_RANGE_LOOP_ANALYSIS = YES;
				CLANG_WARN_STRICT_PROTOTYPES = YES;
				CLANG_WARN_SUSPICIOUS_MOVE = YES;
				CLANG_WARN_UNGUARDED_AVAILABILITY = YES_AGGRESSIVE;
				CLANG_WARN_UNREACHABLE_CODE = YES;
				CLANG_WARN__DUPLICATE_METHOD_MATCH = YES;
				COPY_PHASE_STRIP = NO;
				DEBUG_INFORMATION_FORMAT = "dwarf-with-dsym";
				ENABLE_NS_ASSERTIONS = NO;
				ENABLE_STRICT_OBJC_MSGSEND = YES;
				GCC_C_LANGUAGE_STANDARD = gnu11;
				GCC_NO_COMMON_BLOCKS = YES;
				GCC_WARN_64_TO_32_BIT_CONVERSION = YES;
				GCC_WARN_ABOUT_RETURN_TYPE = YES_ERROR;
				GCC_WARN_UNDECLARED_SELECTOR = YES;
				GCC_WARN_UNINITIALIZED_AUTOS = YES_AGGRESSIVE;
				GCC_WARN_UNUSED_FUNCTION = YES;
				GCC_WARN_UNUSED_VARIABLE = YES;
				IPHONEOS_DEPLOYMENT_TARGET = 16.1;
				MTL_ENABLE_DEBUG_INFO = NO;
				MTL_FAST_MATH = YES;
				SDKROOT = iphoneos;
				SWIFT_COMPILATION_MODE = wholemodule;
				SWIFT_OPTIMIZATION_LEVEL = "-O";
				VALIDATE_PRODUCT = YES;
			};
			name = Release;
		};
		622AB20229CC0FA900BF478F /* Debug */ = {
			isa = XCBuildConfiguration;
			baseConfigurationReference = D27F7CDB89E9C2273B7527F8 /* Pods-reproduce_issue_ios_native_addtoapp_optionA.debug.xcconfig */;
			buildSettings = {
				ASSETCATALOG_COMPILER_APPICON_NAME = AppIcon;
				ASSETCATALOG_COMPILER_GLOBAL_ACCENT_COLOR_NAME = AccentColor;
				CODE_SIGN_STYLE = Automatic;
				CURRENT_PROJECT_VERSION = 1;
				DEVELOPMENT_TEAM = X8NNQ9CYL2;
				GENERATE_INFOPLIST_FILE = YES;
				INFOPLIST_FILE = reproduce_issue_ios_native_addtoapp_optionA/Info.plist;
				INFOPLIST_KEY_UIApplicationSupportsIndirectInputEvents = YES;
				INFOPLIST_KEY_UILaunchStoryboardName = LaunchScreen;
				INFOPLIST_KEY_UIMainStoryboardFile = Main;
				INFOPLIST_KEY_UISupportedInterfaceOrientations_iPad = "UIInterfaceOrientationPortrait UIInterfaceOrientationPortraitUpsideDown UIInterfaceOrientationLandscapeLeft UIInterfaceOrientationLandscapeRight";
				INFOPLIST_KEY_UISupportedInterfaceOrientations_iPhone = "UIInterfaceOrientationPortrait UIInterfaceOrientationLandscapeLeft UIInterfaceOrientationLandscapeRight";
				IPHONEOS_DEPLOYMENT_TARGET = 15.8;
				LD_RUNPATH_SEARCH_PATHS = (
					"$(inherited)",
					"@executable_path/Frameworks",
				);
				MARKETING_VERSION = 1.0;
				PRODUCT_BUNDLE_IDENTIFIER = "com.iosaddtoapp.optiona.reproduce-issue-ios-native-addtoapp-optionA";
				PRODUCT_NAME = "$(TARGET_NAME)";
				SWIFT_EMIT_LOC_STRINGS = YES;
				SWIFT_VERSION = 5.0;
				TARGETED_DEVICE_FAMILY = "1,2";
			};
			name = Debug;
		};
		622AB20329CC0FA900BF478F /* Release */ = {
			isa = XCBuildConfiguration;
			baseConfigurationReference = 2D641770458B9F65D695439D /* Pods-reproduce_issue_ios_native_addtoapp_optionA.release.xcconfig */;
			buildSettings = {
				ASSETCATALOG_COMPILER_APPICON_NAME = AppIcon;
				ASSETCATALOG_COMPILER_GLOBAL_ACCENT_COLOR_NAME = AccentColor;
				CODE_SIGN_STYLE = Automatic;
				CURRENT_PROJECT_VERSION = 1;
				DEVELOPMENT_TEAM = X8NNQ9CYL2;
				GENERATE_INFOPLIST_FILE = YES;
				INFOPLIST_FILE = reproduce_issue_ios_native_addtoapp_optionA/Info.plist;
				INFOPLIST_KEY_UIApplicationSupportsIndirectInputEvents = YES;
				INFOPLIST_KEY_UILaunchStoryboardName = LaunchScreen;
				INFOPLIST_KEY_UIMainStoryboardFile = Main;
				INFOPLIST_KEY_UISupportedInterfaceOrientations_iPad = "UIInterfaceOrientationPortrait UIInterfaceOrientationPortraitUpsideDown UIInterfaceOrientationLandscapeLeft UIInterfaceOrientationLandscapeRight";
				INFOPLIST_KEY_UISupportedInterfaceOrientations_iPhone = "UIInterfaceOrientationPortrait UIInterfaceOrientationLandscapeLeft UIInterfaceOrientationLandscapeRight";
				IPHONEOS_DEPLOYMENT_TARGET = 15.8;
				LD_RUNPATH_SEARCH_PATHS = (
					"$(inherited)",
					"@executable_path/Frameworks",
				);
				MARKETING_VERSION = 1.0;
				PRODUCT_BUNDLE_IDENTIFIER = "com.iosaddtoapp.optiona.reproduce-issue-ios-native-addtoapp-optionA";
				PRODUCT_NAME = "$(TARGET_NAME)";
				SWIFT_EMIT_LOC_STRINGS = YES;
				SWIFT_VERSION = 5.0;
				TARGETED_DEVICE_FAMILY = "1,2";
			};
			name = Release;
		};
/* End XCBuildConfiguration section */

/* Begin XCConfigurationList section */
		622AB1E829CC0FA700BF478F /* Build configuration list for PBXProject "reproduce_issue_ios_native_addtoapp_optionA" */ = {
			isa = XCConfigurationList;
			buildConfigurations = (
				622AB1FF29CC0FA900BF478F /* Debug */,
				622AB20029CC0FA900BF478F /* Release */,
			);
			defaultConfigurationIsVisible = 0;
			defaultConfigurationName = Release;
		};
		622AB20129CC0FA900BF478F /* Build configuration list for PBXNativeTarget "reproduce_issue_ios_native_addtoapp_optionA" */ = {
			isa = XCConfigurationList;
			buildConfigurations = (
				622AB20229CC0FA900BF478F /* Debug */,
				622AB20329CC0FA900BF478F /* Release */,
			);
			defaultConfigurationIsVisible = 0;
			defaultConfigurationName = Release;
		};
/* End XCConfigurationList section */
	};
	rootObject = 622AB1E529CC0FA700BF478F /* Project object */;
}
